// !$*UTF8*$!
{
	archiveVersion = 1;
	classes = {
	};
	objectVersion = 46;
	objects = {

/* Begin PBXBuildFile section */
		12FDEA221C1A0EF100E88244 /* AppDelegate.swift in Sources */ = {isa = PBXBuildFile; fileRef = 12FDEA211C1A0EF100E88244 /* AppDelegate.swift */; };
		12FDEA241C1A0EF100E88244 /* ViewController.swift in Sources */ = {isa = PBXBuildFile; fileRef = 12FDEA231C1A0EF100E88244 /* ViewController.swift */; };
		12FDEA271C1A0EF100E88244 /* Main.storyboard in Resources */ = {isa = PBXBuildFile; fileRef = 12FDEA251C1A0EF100E88244 /* Main.storyboard */; };
		12FDEA291C1A0EF100E88244 /* Assets.xcassets in Resources */ = {isa = PBXBuildFile; fileRef = 12FDEA281C1A0EF100E88244 /* Assets.xcassets */; };
		12FDEA2C1C1A0EF100E88244 /* LaunchScreen.storyboard in Resources */ = {isa = PBXBuildFile; fileRef = 12FDEA2A1C1A0EF100E88244 /* LaunchScreen.storyboard */; };
		12FDEA371C1A0EF100E88244 /* pruebaGitTests.swift in Sources */ = {isa = PBXBuildFile; fileRef = 12FDEA361C1A0EF100E88244 /* pruebaGitTests.swift */; };
		12FDEA421C1A0EF100E88244 /* pruebaGitUITests.swift in Sources */ = {isa = PBXBuildFile; fileRef = 12FDEA411C1A0EF100E88244 /* pruebaGitUITests.swift */; };
/* End PBXBuildFile section */

/* Begin PBXContainerItemProxy section */
		12FDEA331C1A0EF100E88244 /* PBXContainerItemProxy */ = {
			isa = PBXContainerItemProxy;
			containerPortal = 12FDEA161C1A0EF000E88244 /* Project object */;
			proxyType = 1;
			remoteGlobalIDString = 12FDEA1D1C1A0EF000E88244;
			remoteInfo = pruebaGit;
		};
		12FDEA3E1C1A0EF100E88244 /* PBXContainerItemProxy */ = {
			isa = PBXContainerItemProxy;
			containerPortal = 12FDEA161C1A0EF000E88244 /* Project object */;
			proxyType = 1;
			remoteGlobalIDString = 12FDEA1D1C1A0EF000E88244;
			remoteInfo = pruebaGit;
		};
/* End PBXContainerItemProxy section */

/* Begin PBXFileReference section */
		12FDEA1E1C1A0EF100E88244 /* pruebaGit.app */ = {isa = PBXFileReference; explicitFileType = wrapper.application; includeInIndex = 0; path = pruebaGit.app; sourceTree = BUILT_PRODUCTS_DIR; };
		12FDEA211C1A0EF100E88244 /* AppDelegate.swift */ = {isa = PBXFileReference; lastKnownFileType = sourcecode.swift; path = AppDelegate.swift; sourceTree = "<group>"; };
		12FDEA231C1A0EF100E88244 /* ViewController.swift */ = {isa = PBXFileReference; lastKnownFileType = sourcecode.swift; path = ViewController.swift; sourceTree = "<group>"; };
		12FDEA261C1A0EF100E88244 /* Base */ = {isa = PBXFileReference; lastKnownFileType = file.storyboard; name = Base; path = Base.lproj/Main.storyboard; sourceTree = "<group>"; };
		12FDEA281C1A0EF100E88244 /* Assets.xcassets */ = {isa = PBXFileReference; lastKnownFileType = folder.assetcatalog; path = Assets.xcassets; sourceTree = "<group>"; };
		12FDEA2B1C1A0EF100E88244 /* Base */ = {isa = PBXFileReference; lastKnownFileType = file.storyboard; name = Base; path = Base.lproj/LaunchScreen.storyboard; sourceTree = "<group>"; };
		12FDEA2D1C1A0EF100E88244 /* Info.plist */ = {isa = PBXFileReference; lastKnownFileType = text.plist.xml; path = Info.plist; sourceTree = "<group>"; };
		12FDEA321C1A0EF100E88244 /* pruebaGitTests.xctest */ = {isa = PBXFileReference; explicitFileType = wrapper.cfbundle; includeInIndex = 0; path = pruebaGitTests.xctest; sourceTree = BUILT_PRODUCTS_DIR; };
		12FDEA361C1A0EF100E88244 /* pruebaGitTests.swift */ = {isa = PBXFileReference; lastKnownFileType = sourcecode.swift; path = pruebaGitTests.swift; sourceTree = "<group>"; };
		12FDEA381C1A0EF100E88244 /* Info.plist */ = {isa = PBXFileReference; lastKnownFileType = text.plist.xml; path = Info.plist; sourceTree = "<group>"; };
		12FDEA3D1C1A0EF100E88244 /* pruebaGitUITests.xctest */ = {isa = PBXFileReference; explicitFileType = wrapper.cfbundle; includeInIndex = 0; path = pruebaGitUITests.xctest; sourceTree = BUILT_PRODUCTS_DIR; };
		12FDEA411C1A0EF100E88244 /* pruebaGitUITests.swift */ = {isa = PBXFileReference; lastKnownFileType = sourcecode.swift; path = pruebaGitUITests.swift; sourceTree = "<group>"; };
		12FDEA431C1A0EF100E88244 /* Info.plist */ = {isa = PBXFileReference; lastKnownFileType = text.plist.xml; path = Info.plist; sourceTree = "<group>"; };
/* End PBXFileReference section */

/* Begin PBXFrameworksBuildPhase section */
		12FDEA1B1C1A0EF000E88244 /* Frameworks */ = {
			isa = PBXFrameworksBuildPhase;
			buildActionMask = 2147483647;
			files = (
			);
			runOnlyForDeploymentPostprocessing = 0;
		};
		12FDEA2F1C1A0EF100E88244 /* Frameworks */ = {
			isa = PBXFrameworksBuildPhase;
			buildActionMask = 2147483647;
			files = (
			);
			runOnlyForDeploymentPostprocessing = 0;
		};
		12FDEA3A1C1A0EF100E88244 /* Frameworks */ = {
			isa = PBXFrameworksBuildPhase;
			buildActionMask = 2147483647;
			files = (
			);
			runOnlyForDeploymentPostprocessing = 0;
		};
/* End PBXFrameworksBuildPhase section */

/* Begin PBXGroup section */
		12FDEA151C1A0EF000E88244 = {
			isa = PBXGroup;
			children = (
				12FDEA201C1A0EF100E88244 /* pruebaGit */,
				12FDEA351C1A0EF100E88244 /* pruebaGitTests */,
				12FDEA401C1A0EF100E88244 /* pruebaGitUITests */,
				12FDEA1F1C1A0EF100E88244 /* Products */,
			);
			sourceTree = "<group>";
		};
		12FDEA1F1C1A0EF100E88244 /* Products */ = {
			isa = PBXGroup;
			children = (
				12FDEA1E1C1A0EF100E88244 /* pruebaGit.app */,
				12FDEA321C1A0EF100E88244 /* pruebaGitTests.xctest */,
				12FDEA3D1C1A0EF100E88244 /* pruebaGitUITests.xctest */,
			);
			name = Products;
			sourceTree = "<group>";
		};
		12FDEA201C1A0EF100E88244 /* pruebaGit */ = {
			isa = PBXGroup;
			children = (
				12FDEA211C1A0EF100E88244 /* AppDelegate.swift */,
				12FDEA231C1A0EF100E88244 /* ViewController.swift */,
				12FDEA251C1A0EF100E88244 /* Main.storyboard */,
				12FDEA281C1A0EF100E88244 /* Assets.xcassets */,
				12FDEA2A1C1A0EF100E88244 /* LaunchScreen.storyboard */,
				12FDEA2D1C1A0EF100E88244 /* Info.plist */,
			);
			path = pruebaGit;
			sourceTree = "<group>";
		};
		12FDEA351C1A0EF100E88244 /* pruebaGitTests */ = {
			isa = PBXGroup;
			children = (
				12FDEA361C1A0EF100E88244 /* pruebaGitTests.swift */,
				12FDEA381C1A0EF100E88244 /* Info.plist */,
			);
			path = pruebaGitTests;
			sourceTree = "<group>";
		};
		12FDEA401C1A0EF100E88244 /* pruebaGitUITests */ = {
			isa = PBXGroup;
			children = (
				12FDEA411C1A0EF100E88244 /* pruebaGitUITests.swift */,
				12FDEA431C1A0EF100E88244 /* Info.plist */,
			);
			path = pruebaGitUITests;
			sourceTree = "<group>";
		};
/* End PBXGroup section */

/* Begin PBXNativeTarget section */
		12FDEA1D1C1A0EF000E88244 /* pruebaGit */ = {
			isa = PBXNativeTarget;
			buildConfigurationList = 12FDEA461C1A0EF100E88244 /* Build configuration list for PBXNativeTarget "pruebaGit" */;
			buildPhases = (
				12FDEA1A1C1A0EF000E88244 /* Sources */,
				12FDEA1B1C1A0EF000E88244 /* Frameworks */,
				12FDEA1C1C1A0EF000E88244 /* Resources */,
			);
			buildRules = (
			);
			dependencies = (
			);
			name = pruebaGit;
			productName = pruebaGit;
			productReference = 12FDEA1E1C1A0EF100E88244 /* pruebaGit.app */;
			productType = "com.apple.product-type.application";
		};
		12FDEA311C1A0EF100E88244 /* pruebaGitTests */ = {
			isa = PBXNativeTarget;
			buildConfigurationList = 12FDEA491C1A0EF100E88244 /* Build configuration list for PBXNativeTarget "pruebaGitTests" */;
			buildPhases = (
				12FDEA2E1C1A0EF100E88244 /* Sources */,
				12FDEA2F1C1A0EF100E88244 /* Frameworks */,
				12FDEA301C1A0EF100E88244 /* Resources */,
			);
			buildRules = (
			);
			dependencies = (
				12FDEA341C1A0EF100E88244 /* PBXTargetDependency */,
			);
			name = pruebaGitTests;
			productName = pruebaGitTests;
			productReference = 12FDEA321C1A0EF100E88244 /* pruebaGitTests.xctest */;
			productType = "com.apple.product-type.bundle.unit-test";
		};
		12FDEA3C1C1A0EF100E88244 /* pruebaGitUITests */ = {
			isa = PBXNativeTarget;
			buildConfigurationList = 12FDEA4C1C1A0EF100E88244 /* Build configuration list for PBXNativeTarget "pruebaGitUITests" */;
			buildPhases = (
				12FDEA391C1A0EF100E88244 /* Sources */,
				12FDEA3A1C1A0EF100E88244 /* Frameworks */,
				12FDEA3B1C1A0EF100E88244 /* Resources */,
			);
			buildRules = (
			);
			dependencies = (
				12FDEA3F1C1A0EF100E88244 /* PBXTargetDependency */,
			);
			name = pruebaGitUITests;
			productName = pruebaGitUITests;
			productReference = 12FDEA3D1C1A0EF100E88244 /* pruebaGitUITests.xctest */;
			productType = "com.apple.product-type.bundle.ui-testing";
		};
/* End PBXNativeTarget section */

/* Begin PBXProject section */
		12FDEA161C1A0EF000E88244 /* Project object */ = {
			isa = PBXProject;
			attributes = {
				LastSwiftUpdateCheck = 0720;
				LastUpgradeCheck = 0720;
				ORGANIZATIONNAME = "Antonio Rivera Sandate";
				TargetAttributes = {
					12FDEA1D1C1A0EF000E88244 = {
						CreatedOnToolsVersion = 7.2;
						DevelopmentTeam = 6JZWUB693W;
					};
					12FDEA311C1A0EF100E88244 = {
						CreatedOnToolsVersion = 7.2;
						TestTargetID = 12FDEA1D1C1A0EF000E88244;
					};
					12FDEA3C1C1A0EF100E88244 = {
						CreatedOnToolsVersion = 7.2;
						TestTargetID = 12FDEA1D1C1A0EF000E88244;
					};
				};
			};
			buildConfigurationList = 12FDEA191C1A0EF000E88244 /* Build configuration list for PBXProject "pruebaGit" */;
			compatibilityVersion = "Xcode 3.2";
			developmentRegion = English;
			hasScannedForEncodings = 0;
			knownRegions = (
				en,
				Base,
			);
			mainGroup = 12FDEA151C1A0EF000E88244;
			productRefGroup = 12FDEA1F1C1A0EF100E88244 /* Products */;
			projectDirPath = "";
			projectRoot = "";
			targets = (
				12FDEA1D1C1A0EF000E88244 /* pruebaGit */,
				12FDEA311C1A0EF100E88244 /* pruebaGitTests */,
				12FDEA3C1C1A0EF100E88244 /* pruebaGitUITests */,
			);
		};
/* End PBXProject section */

/* Begin PBXResourcesBuildPhase section */
		12FDEA1C1C1A0EF000E88244 /* Resources */ = {
			isa = PBXResourcesBuildPhase;
			buildActionMask = 2147483647;
			files = (
				12FDEA2C1C1A0EF100E88244 /* LaunchScreen.storyboard in Resources */,
				12FDEA291C1A0EF100E88244 /* Assets.xcassets in Resources */,
				12FDEA271C1A0EF100E88244 /* Main.storyboard in Resources */,
			);
			runOnlyForDeploymentPostprocessing = 0;
		};
		12FDEA301C1A0EF100E88244 /* Resources */ = {
			isa = PBXResourcesBuildPhase;
			buildActionMask = 2147483647;
			files = (
			);
			runOnlyForDeploymentPostprocessing = 0;
		};
		12FDEA3B1C1A0EF100E88244 /* Resources */ = {
			isa = PBXResourcesBuildPhase;
			buildActionMask = 2147483647;
			files = (
			);
			runOnlyForDeploymentPostprocessing = 0;
		};
/* End PBXResourcesBuildPhase section */

/* Begin PBXSourcesBuildPhase section */
		12FDEA1A1C1A0EF000E88244 /* Sources */ = {
			isa = PBXSourcesBuildPhase;
			buildActionMask = 2147483647;
			files = (
				12FDEA241C1A0EF100E88244 /* ViewController.swift in Sources */,
				12FDEA221C1A0EF100E88244 /* AppDelegate.swift in Sources */,
			);
			runOnlyForDeploymentPostprocessing = 0;
		};
		12FDEA2E1C1A0EF100E88244 /* Sources */ = {
			isa = PBXSourcesBuildPhase;
			buildActionMask = 2147483647;
			files = (
				12FDEA371C1A0EF100E88244 /* pruebaGitTests.swift in Sources */,
			);
			runOnlyForDeploymentPostprocessing = 0;
		};
		12FDEA391C1A0EF100E88244 /* Sources */ = {
			isa = PBXSourcesBuildPhase;
			buildActionMask = 2147483647;
			files = (
				12FDEA421C1A0EF100E88244 /* pruebaGitUITests.swift in Sources */,
			);
			runOnlyForDeploymentPostprocessing = 0;
		};
/* End PBXSourcesBuildPhase section */

/* Begin PBXTargetDependency section */
		12FDEA341C1A0EF100E88244 /* PBXTargetDependency */ = {
			isa = PBXTargetDependency;
			target = 12FDEA1D1C1A0EF000E88244 /* pruebaGit */;
			targetProxy = 12FDEA331C1A0EF100E88244 /* PBXContainerItemProxy */;
		};
		12FDEA3F1C1A0EF100E88244 /* PBXTargetDependency */ = {
			isa = PBXTargetDependency;
			target = 12FDEA1D1C1A0EF000E88244 /* pruebaGit */;
			targetProxy = 12FDEA3E1C1A0EF100E88244 /* PBXContainerItemProxy */;
		};
/* End PBXTargetDependency section */

/* Begin PBXVariantGroup section */
		12FDEA251C1A0EF100E88244 /* Main.storyboard */ = {
			isa = PBXVariantGroup;
			children = (
				12FDEA261C1A0EF100E88244 /* Base */,
			);
			name = Main.storyboard;
			sourceTree = "<group>";
		};
		12FDEA2A1C1A0EF100E88244 /* LaunchScreen.storyboard */ = {
			isa = PBXVariantGroup;
			children = (
				12FDEA2B1C1A0EF100E88244 /* Base */,
			);
			name = LaunchScreen.storyboard;
			sourceTree = "<group>";
		};
/* End PBXVariantGroup section */

/* Begin XCBuildConfiguration section */
		12FDEA441C1A0EF100E88244 /* Debug */ = {
			isa = XCBuildConfiguration;
			buildSettings = {
				ALWAYS_SEARCH_USER_PATHS = NO;
				CLANG_CXX_LANGUAGE_STANDARD = "gnu++0x";
				CLANG_CXX_LIBRARY = "libc++";
				CLANG_ENABLE_MODULES = YES;
				CLANG_ENABLE_OBJC_ARC = YES;
				CLANG_WARN_BOOL_CONVERSION = YES;
				CLANG_WARN_CONSTANT_CONVERSION = YES;
				CLANG_WARN_DIRECT_OBJC_ISA_USAGE = YES_ERROR;
				CLANG_WARN_EMPTY_BODY = YES;
				CLANG_WARN_ENUM_CONVERSION = YES;
				CLANG_WARN_INT_CONVERSION = YES;
				CLANG_WARN_OBJC_ROOT_CLASS = YES_ERROR;
				CLANG_WARN_UNREACHABLE_CODE = YES;
				CLANG_WARN__DUPLICATE_METHOD_MATCH = YES;
				"CODE_SIGN_IDENTITY[sdk=iphoneos*]" = "iPhone Developer";
				COPY_PHASE_STRIP = NO;
				DEBUG_INFORMATION_FORMAT = dwarf;
				ENABLE_STRICT_OBJC_MSGSEND = YES;
				ENABLE_TESTABILITY = YES;
				GCC_C_LANGUAGE_STANDARD = gnu99;
				GCC_DYNAMIC_NO_PIC = NO;
				GCC_NO_COMMON_BLOCKS = YES;
				GCC_OPTIMIZATION_LEVEL = 0;
				GCC_PREPROCESSOR_DEFINITIONS = (
					"DEBUG=1",
					"$(inherited)",
				);
				GCC_WARN_64_TO_32_BIT_CONVERSION = YES;
				GCC_WARN_ABOUT_RETURN_TYPE = YES_ERROR;
				GCC_WARN_UNDECLARED_SELECTOR = YES;
				GCC_WARN_UNINITIALIZED_AUTOS = YES_AGGRESSIVE;
				GCC_WARN_UNUSED_FUNCTION = YES;
				GCC_WARN_UNUSED_VARIABLE = YES;
				IPHONEOS_DEPLOYMENT_TARGET = 9.2;
				MTL_ENABLE_DEBUG_INFO = YES;
				ONLY_ACTIVE_ARCH = YES;
				SDKROOT = iphoneos;
				SWIFT_OPTIMIZATION_LEVEL = "-Onone";
			};
			name = Debug;
		};
		12FDEA451C1A0EF100E88244 /* Release */ = {
			isa = XCBuildConfiguration;
			buildSettings = {
				ALWAYS_SEARCH_USER_PATHS = NO;
				CLANG_CXX_LANGUAGE_STANDARD = "gnu++0x";
				CLANG_CXX_LIBRARY = "libc++";
				CLANG_ENABLE_MODULES = YES;
				CLANG_ENABLE_OBJC_ARC = YES;
				CLANG_WARN_BOOL_CONVERSION = YES;
				CLANG_WARN_CONSTANT_CONVERSION = YES;
				CLANG_WARN_DIRECT_OBJC_ISA_USAGE = YES_ERROR;
				CLANG_WARN_EMPTY_BODY = YES;
				CLANG_WARN_ENUM_CONVERSION = YES;
				CLANG_WARN_INT_CONVERSION = YES;
				CLANG_WARN_OBJC_ROOT_CLASS = YES_ERROR;
				CLANG_WARN_UNREACHABLE_CODE = YES;
				CLANG_WARN__DUPLICATE_METHOD_MATCH = YES;
				"CODE_SIGN_IDENTITY[sdk=iphoneos*]" = "iPhone Developer";
				COPY_PHASE_STRIP = NO;
				DEBUG_INFORMATION_FORMAT = "dwarf-with-dsym";
				ENABLE_NS_ASSERTIONS = NO;
				ENABLE_STRICT_OBJC_MSGSEND = YES;
				GCC_C_LANGUAGE_STANDARD = gnu99;
				GCC_NO_COMMON_BLOCKS = YES;
				GCC_WARN_64_TO_32_BIT_CONVERSION = YES;
				GCC_WARN_ABOUT_RETURN_TYPE = YES_ERROR;
				GCC_WARN_UNDECLARED_SELECTOR = YES;
				GCC_WARN_UNINITIALIZED_AUTOS = YES_AGGRESSIVE;
				GCC_WARN_UNUSED_FUNCTION = YES;
				GCC_WARN_UNUSED_VARIABLE = YES;
				IPHONEOS_DEPLOYMENT_TARGET = 9.2;
				MTL_ENABLE_DEBUG_INFO = NO;
				SDKROOT = iphoneos;
				VALIDATE_PRODUCT = YES;
			};
			name = Release;
		};
		12FDEA471C1A0EF100E88244 /* Debug */ = {
			isa = XCBuildConfiguration;
			buildSettings = {
				ASSETCATALOG_COMPILER_APPICON_NAME = AppIcon;
				CODE_SIGN_IDENTITY = "iPhone Developer";
				"CODE_SIGN_IDENTITY[sdk=iphoneos*]" = "iPhone Developer";
				INFOPLIST_FILE = pruebaGit/Info.plist;
				LD_RUNPATH_SEARCH_PATHS = "$(inherited) @executable_path/Frameworks";
				PRODUCT_BUNDLE_IDENTIFIER = DA.pruebaGit;
				PRODUCT_NAME = "$(TARGET_NAME)";
				PROVISIONING_PROFILE = "";
			};
			name = Debug;
		};
		12FDEA481C1A0EF100E88244 /* Release */ = {
			isa = XCBuildConfiguration;
			buildSettings = {
				ASSETCATALOG_COMPILER_APPICON_NAME = AppIcon;
				CODE_SIGN_IDENTITY = "iPhone Developer";
				"CODE_SIGN_IDENTITY[sdk=iphoneos*]" = "iPhone Developer";
				INFOPLIST_FILE = pruebaGit/Info.plist;
				LD_RUNPATH_SEARCH_PATHS = "$(inherited) @executable_path/Frameworks";
				PRODUCT_BUNDLE_IDENTIFIER = DA.pruebaGit;
				PRODUCT_NAME = "$(TARGET_NAME)";
				PROVISIONING_PROFILE = "";
			};
			name = Release;
		};
		12FDEA4A1C1A0EF100E88244 /* Debug */ = {
			isa = XCBuildConfiguration;
			buildSettings = {
				BUNDLE_LOADER = "$(TEST_HOST)";
				INFOPLIST_FILE = pruebaGitTests/Info.plist;
				LD_RUNPATH_SEARCH_PATHS = "$(inherited) @executable_path/Frameworks @loader_path/Frameworks";
				PRODUCT_BUNDLE_IDENTIFIER = DA.pruebaGitTests;
				PRODUCT_NAME = "$(TARGET_NAME)";
				TEST_HOST = "$(BUILT_PRODUCTS_DIR)/pruebaGit.app/pruebaGit";
			};
			name = Debug;
		};
		12FDEA4B1C1A0EF100E88244 /* Release */ = {
			isa = XCBuildConfiguration;
			buildSettings = {
				BUNDLE_LOADER = "$(TEST_HOST)";
				INFOPLIST_FILE = pruebaGitTests/Info.plist;
				LD_RUNPATH_SEARCH_PATHS = "$(inherited) @executable_path/Frameworks @loader_path/Frameworks";
				PRODUCT_BUNDLE_IDENTIFIER = DA.pruebaGitTests;
				PRODUCT_NAME = "$(TARGET_NAME)";
				TEST_HOST = "$(BUILT_PRODUCTS_DIR)/pruebaGit.app/pruebaGit";
			};
			name = Release;
		};
		12FDEA4D1C1A0EF100E88244 /* Debug */ = {
			isa = XCBuildConfiguration;
			buildSettings = {
				INFOPLIST_FILE = pruebaGitUITests/Info.plist;
				LD_RUNPATH_SEARCH_PATHS = "$(inherited) @executable_path/Frameworks @loader_path/Frameworks";
				PRODUCT_BUNDLE_IDENTIFIER = DA.pruebaGitUITests;
				PRODUCT_NAME = "$(TARGET_NAME)";
				TEST_TARGET_NAME = pruebaGit;
				USES_XCTRUNNER = YES;
			};
			name = Debug;
		};
		12FDEA4E1C1A0EF100E88244 /* Release */ = {
			isa = XCBuildConfiguration;
			buildSettings = {
				INFOPLIST_FILE = pruebaGitUITests/Info.plist;
				LD_RUNPATH_SEARCH_PATHS = "$(inherited) @executable_path/Frameworks @loader_path/Frameworks";
				PRODUCT_BUNDLE_IDENTIFIER = DA.pruebaGitUITests;
				PRODUCT_NAME = "$(TARGET_NAME)";
				TEST_TARGET_NAME = pruebaGit;
				USES_XCTRUNNER = YES;
			};
			name = Release;
		};
/* End XCBuildConfiguration section */

/* Begin XCConfigurationList section */
		12FDEA191C1A0EF000E88244 /* Build configuration list for PBXProject "pruebaGit" */ = {
			isa = XCConfigurationList;
			buildConfigurations = (
				12FDEA441C1A0EF100E88244 /* Debug */,
				12FDEA451C1A0EF100E88244 /* Release */,
			);
			defaultConfigurationIsVisible = 0;
			defaultConfigurationName = Release;
		};
		12FDEA461C1A0EF100E88244 /* Build configuration list for PBXNativeTarget "pruebaGit" */ = {
			isa = XCConfigurationList;
			buildConfigurations = (
				12FDEA471C1A0EF100E88244 /* Debug */,
				12FDEA481C1A0EF100E88244 /* Release */,
			);
			defaultConfigurationIsVisible = 0;
		};
		12FDEA491C1A0EF100E88244 /* Build configuration list for PBXNativeTarget "pruebaGitTests" */ = {
			isa = XCConfigurationList;
			buildConfigurations = (
				12FDEA4A1C1A0EF100E88244 /* Debug */,
				12FDEA4B1C1A0EF100E88244 /* Release */,
			);
			defaultConfigurationIsVisible = 0;
		};
		12FDEA4C1C1A0EF100E88244 /* Build configuration list for PBXNativeTarget "pruebaGitUITests" */ = {
			isa = XCConfigurationList;
			buildConfigurations = (
				12FDEA4D1C1A0EF100E88244 /* Debug */,
				12FDEA4E1C1A0EF100E88244 /* Release */,
			);
			defaultConfigurationIsVisible = 0;
		};
/* End XCConfigurationList section */
	};
	rootObject = 12FDEA161C1A0EF000E88244 /* Project object */;
}
